version: 'v0.0.1'
dependencies:
  'actions/cache@v4:sha1-cccccccccccccccccccccccccccccccccccccccc':
    ref: 'main'
    commit: 'sha1-cccccccccccccccccccccccccccccccccccccccc'
    owner_id: 3
    repo_id: 3
  'actions/checkout@v6:sha1-aaaaaaaaaaaaaaaaaaaaaaaaaaaaaaaaaaaaaaaa':
    ref: 'main'
    commit: 'sha1-aaaaaaaaaaaaaaaaaaaaaaaaaaaaaaaaaaaaaaaa'
    owner_id: 1
    repo_id: 1
  'actions/setup-go@v6:sha1-bbbbbbbbbbbbbbbbbbbbbbbbbbbbbbbbbbbbbbbb':
    ref: 'main'
    commit: 'sha1-bbbbbbbbbbbbbbbbbbbbbbbbbbbbbbbbbbbbbbbb'
    owner_id: 2
    repo_id: 2
    uses:
      - 'actions/cache@v4:sha1-cccccccccccccccccccccccccccccccccccccccc'
      - 'helper/only-transitive@v1:sha1-eeeeeeeeeeeeeeeeeeeeeeeeeeeeeeeeeeeeeeee'
  'helper/only-transitive@v1:sha1-eeeeeeeeeeeeeeeeeeeeeeeeeeeeeeeeeeeeeeee':
    ref: 'main'
    commit: 'sha1-eeeeeeeeeeeeeeeeeeeeeeeeeeeeeeeeeeeeeeee'
    owner_id: 5
    repo_id: 5
  'old/dead@v1:sha1-dddddddddddddddddddddddddddddddddddddddd':
    ref: 'main'
    commit: 'sha1-dddddddddddddddddddddddddddddddddddddddd'
    owner_id: 4
    repo_id: 4
workflows:
  '.github/workflows/ci.yml':
    - 'actions/checkout@v6:sha1-aaaaaaaaaaaaaaaaaaaaaaaaaaaaaaaaaaaaaaaa'
    - 'actions/setup-go@v6:sha1-bbbbbbbbbbbbbbbbbbbbbbbbbbbbbbbbbbbbbbbb'
    - 'actions/cache@v4:sha1-cccccccccccccccccccccccccccccccccccccccc'
    - 'helper/only-transitive@v1:sha1-eeeeeeeeeeeeeeeeeeeeeeeeeeeeeeeeeeeeeeee'
    - 'old/dead@v1:sha1-dddddddddddddddddddddddddddddddddddddddd'
