# This file is machine-generated by `gh actions-lock`.
# Do not edit by hand; run `gh actions-lock` to update.
# Docs: https://gh.io/actions-lockfile
version: 'v0.0.2'
workflows:
    '.github/workflows/release.yml':
        - 'actions/checkout@v6.0.2'
        - 'cli/gh-extension-precompile@v2.1.0'
        - 'github/setup-goproxy@v1.1.0'
    '.github/workflows/relock.yml':
        - 'actions/checkout@v6.0.2'
    '.github/workflows/sync-early-access-release.yml':
        - 'actions/checkout@v6.0.2'
    '.github/workflows/test.yml':
        - 'actions/checkout@v5.0.1'
        - 'actions/setup-go@v6.4.0'
        - 'github/gh-actions-lock@main'
        - 'github/setup-goproxy@v1.1.0'
dependencies:
    'actions/attest-build-provenance@36fa7d009e22618ca7cd599486979b8150596c74':
        ref: 'predicate@1.1.4'
        commit: 'sha1-36fa7d009e22618ca7cd599486979b8150596c74'
        owner_id: 44036562
        repo_id: 760702757
    'actions/attest-build-provenance@v1':
        ref: 'v1'
        commit: 'sha1-ef244123eb79f2f7a7e75d99086184180e6d0018'
        owner_id: 44036562
        repo_id: 760702757
        uses:
            - 'actions/attest-build-provenance@36fa7d009e22618ca7cd599486979b8150596c74'
            - 'actions/attest@67422f5511b7ff725f4dbd6fb9bd2cd925c65a8d'
    'actions/attest@67422f5511b7ff725f4dbd6fb9bd2cd925c65a8d':
        ref: 'v1.4.1'
        commit: 'sha1-67422f5511b7ff725f4dbd6fb9bd2cd925c65a8d'
        owner_id: 44036562
        repo_id: 760701061
    'actions/checkout@v5.0.1':
        ref: 'v5.0.1'
        commit: 'sha1-93cb6efe18208431cddfb8368fd83d5badbf9bfd'
        owner_id: 44036562
        repo_id: 197814629
    'actions/checkout@v6.0.2':
        ref: 'v6.0.2'
        commit: 'sha1-de0fac2e4500dabe0009e67214ff5f5447ce83dd'
        owner_id: 44036562
        repo_id: 197814629
    'actions/setup-go@v5':
        ref: 'v5'
        commit: 'sha1-40f1582b2485089dde7abd97c1529aa768e1baff'
        owner_id: 44036562
        repo_id: 192624594
    'actions/setup-go@v6.4.0':
        ref: 'v6.4.0'
        commit: 'sha1-4a3601121dd01d1626a1e23e37211e3254c1c06c'
        owner_id: 44036562
        repo_id: 192624594
    'cli/gh-extension-precompile@v2.1.0':
        ref: 'v2.1.0'
        commit: 'sha1-9e2237c30f869ad3bcaed6a4be2cd43564dd421b'
        owner_id: 59704711
        repo_id: 421583656
        uses:
            - 'actions/attest-build-provenance@v1'
            - 'actions/setup-go@v5'
    'github/gh-actions-lock@main':
        ref: 'main'
        commit: 'sha1-592be5e0bff8d8cc3a624138d255606596cebc7f'
        owner_id: 9919
        repo_id: 1217640442
    'github/setup-goproxy@v1.1.0':
        ref: 'v1.1.0'
        commit: 'sha1-5e60e1074d42316dfe2949ebf9a92bf77b24645b'
        owner_id: 9919
        repo_id: 595319738
