# This file is machine-generated by `gh actions-pin`.
# Do not edit by hand; run `gh actions-pin` to update.
# Docs: https://gh.io/actions-lockfile
version: v0.0.1
actions:
    actions/attest-build-provenance/predicate@36fa7d009e22618ca7cd599486979b8150596c74:sha1-36fa7d009e22618ca7cd599486979b8150596c74:
        ref: 36fa7d009e22618ca7cd599486979b8150596c74
        sha: sha1-36fa7d009e22618ca7cd599486979b8150596c74
        owner_id: 44036562
        repo_id: 760702757
    actions/attest-build-provenance@v1:sha1-ef244123eb79f2f7a7e75d99086184180e6d0018:
        ref: v1
        sha: sha1-ef244123eb79f2f7a7e75d99086184180e6d0018
        owner_id: 44036562
        repo_id: 760702757
    actions/attest@67422f5511b7ff725f4dbd6fb9bd2cd925c65a8d:sha1-67422f5511b7ff725f4dbd6fb9bd2cd925c65a8d:
        ref: 67422f5511b7ff725f4dbd6fb9bd2cd925c65a8d
        sha: sha1-67422f5511b7ff725f4dbd6fb9bd2cd925c65a8d
        owner_id: 44036562
        repo_id: 760701061
    actions/checkout@v5.0.1:sha1-93cb6efe18208431cddfb8368fd83d5badbf9bfd:
        ref: v5.0.1
        sha: sha1-93cb6efe18208431cddfb8368fd83d5badbf9bfd
        owner_id: 44036562
        repo_id: 197814629
    actions/checkout@v6.0.2:sha1-de0fac2e4500dabe0009e67214ff5f5447ce83dd:
        ref: v6.0.2
        sha: sha1-de0fac2e4500dabe0009e67214ff5f5447ce83dd
        owner_id: 44036562
        repo_id: 197814629
    actions/setup-go@v5:sha1-40f1582b2485089dde7abd97c1529aa768e1baff:
        ref: v5
        sha: sha1-40f1582b2485089dde7abd97c1529aa768e1baff
        owner_id: 44036562
        repo_id: 192624594
    actions/setup-go@v6.4.0:sha1-4a3601121dd01d1626a1e23e37211e3254c1c06c:
        ref: v6.4.0
        sha: sha1-4a3601121dd01d1626a1e23e37211e3254c1c06c
        owner_id: 44036562
        repo_id: 192624594
    cli/gh-extension-precompile@v2.1.0:sha1-9e2237c30f869ad3bcaed6a4be2cd43564dd421b:
        ref: v2.1.0
        sha: sha1-9e2237c30f869ad3bcaed6a4be2cd43564dd421b
        owner_id: 59704711
        repo_id: 421583656
workflows:
    .github/workflows/release.yml:
        dependencies:
            - actions/attest-build-provenance/predicate@36fa7d009e22618ca7cd599486979b8150596c74:sha1-36fa7d009e22618ca7cd599486979b8150596c74
            - actions/attest-build-provenance@v1:sha1-ef244123eb79f2f7a7e75d99086184180e6d0018
            - actions/attest@67422f5511b7ff725f4dbd6fb9bd2cd925c65a8d:sha1-67422f5511b7ff725f4dbd6fb9bd2cd925c65a8d
            - actions/checkout@v6.0.2:sha1-de0fac2e4500dabe0009e67214ff5f5447ce83dd
            - actions/setup-go@v5:sha1-40f1582b2485089dde7abd97c1529aa768e1baff
            - cli/gh-extension-precompile@v2.1.0:sha1-9e2237c30f869ad3bcaed6a4be2cd43564dd421b
    .github/workflows/sync-early-access-release.yml:
        dependencies:
            - actions/checkout@v6.0.2:sha1-de0fac2e4500dabe0009e67214ff5f5447ce83dd
    .github/workflows/test.yml:
        dependencies:
            - actions/checkout@v5.0.1:sha1-93cb6efe18208431cddfb8368fd83d5badbf9bfd
            - actions/setup-go@v6.4.0:sha1-4a3601121dd01d1626a1e23e37211e3254c1c06c
